
Microsoft Visual Studio Solution File, Format Version 12.00
# Visual Studio Version 17
VisualStudioVersion = 17.11.35208.52
MinimumVisualStudioVersion = 10.0.40219.1
Project("{FAE04EC0-301F-11D3-BF4B-00C04F79EFBC}") = "ApiTarefas-Dapper", "ApiTarefas-Dapper\ApiTarefas-Dapper.csproj", "{07BBEA95-0809-41B2-9678-E2C3B30D8BAA}"
EndProject
Global
	GlobalSection(SolutionConfigurationPlatforms) = preSolution
		Debug|Any CPU = Debug|Any CPU
		Release|Any CPU = Release|Any CPU
	EndGlobalSection
	GlobalSection(ProjectConfigurationPlatforms) = postSolution
		{07BBEA95-0809-41B2-9678-E2C3B30D8BAA}.Debug|Any CPU.ActiveCfg = Debug|Any CPU
		{07BBEA95-0809-41B2-9678-E2C3B30D8BAA}.Debug|Any CPU.Build.0 = Debug|Any CPU
		{07BBEA95-0809-41B2-9678-E2C3B30D8BAA}.Release|Any CPU.ActiveCfg = Release|Any CPU
		{07BBEA95-0809-41B2-9678-E2C3B30D8BAA}.Release|Any CPU.Build.0 = Release|Any CPU
	EndGlobalSection
	GlobalSection(SolutionProperties) = preSolution
		HideSolutionNode = FALSE
	EndGlobalSection
	GlobalSection(ExtensibilityGlobals) = postSolution
		SolutionGuid = {80C816E9-06D8-49AB-8057-13EE987AA580}
	EndGlobalSection
EndGlobal
